<Solution>
  <Folder Name="/src/">
    <Project Path="src/Ghostwriter.App/Ghostwriter.App.csproj" />
    <Project Path="src/Ghostwriter.Core/Ghostwriter.Core.csproj" />
    <Project Path="src/Ghostwriter.Platform/Ghostwriter.Platform.csproj" />
  </Folder>
  <Folder Name="/tests/">
    <Project Path="tests/Ghostwriter.Tests/Ghostwriter.Tests.csproj" />
  </Folder>
</Solution>
