<Solution>
  <Folder Name="/src/">
    <Project Path="src/InstaPrompt.App/InstaPrompt.App.csproj" />
    <Project Path="src/InstaPrompt.Core/InstaPrompt.Core.csproj" />
    <Project Path="src/InstaPrompt.Platform/InstaPrompt.Platform.csproj" />
  </Folder>
  <Folder Name="/tests/">
    <Project Path="tests/InstaPrompt.Tests/InstaPrompt.Tests.csproj" />
  </Folder>
</Solution>
